// !$*UTF8*$!
{
	archiveVersion = 1;
	classes = {
	};
	objectVersion = 50;
	objects = {

/* Begin PBXBuildFile section */
		D9629C3D25D5B97900FFED9E /* AppDelegate.swift in Sources */ = {isa = PBXBuildFile; fileRef = D9629C3C25D5B97900FFED9E /* AppDelegate.swift */; };
		D9629C3F25D5B97900FFED9E /* SceneDelegate.swift in Sources */ = {isa = PBXBuildFile; fileRef = D9629C3E25D5B97900FFED9E /* SceneDelegate.swift */; };
		D9629C4125D5B97900FFED9E /* ViewController.swift in Sources */ = {isa = PBXBuildFile; fileRef = D9629C4025D5B97900FFED9E /* ViewController.swift */; };
		D9629C4425D5B97900FFED9E /* Main.storyboard in Resources */ = {isa = PBXBuildFile; fileRef = D9629C4225D5B97900FFED9E /* Main.storyboard */; };
		D9629C4625D5B98000FFED9E /* Assets.xcassets in Resources */ = {isa = PBXBuildFile; fileRef = D9629C4525D5B98000FFED9E /* Assets.xcassets */; };
		D9629C4925D5B98000FFED9E /* LaunchScreen.storyboard in Resources */ = {isa = PBXBuildFile; fileRef = D9629C4725D5B98000FFED9E /* LaunchScreen.storyboard */; };
		D9629C5425D5B98100FFED9E /* CalculadoraTests.swift in Sources */ = {isa = PBXBuildFile; fileRef = D9629C5325D5B98100FFED9E /* CalculadoraTests.swift */; };
		D9629C5F25D5B98100FFED9E /* CalculadoraUITests.swift in Sources */ = {isa = PBXBuildFile; fileRef = D9629C5E25D5B98100FFED9E /* CalculadoraUITests.swift */; };
/* End PBXBuildFile section */

/* Begin PBXContainerItemProxy section */
		D9629C5025D5B98100FFED9E /* PBXContainerItemProxy */ = {
			isa = PBXContainerItemProxy;
			containerPortal = D9629C3125D5B97800FFED9E /* Project object */;
			proxyType = 1;
			remoteGlobalIDString = D9629C3825D5B97800FFED9E;
			remoteInfo = Calculadora;
		};
		D9629C5B25D5B98100FFED9E /* PBXContainerItemProxy */ = {
			isa = PBXContainerItemProxy;
			containerPortal = D9629C3125D5B97800FFED9E /* Project object */;
			proxyType = 1;
			remoteGlobalIDString = D9629C3825D5B97800FFED9E;
			remoteInfo = Calculadora;
		};
/* End PBXContainerItemProxy section */

/* Begin PBXFileReference section */
		D9629C3925D5B97900FFED9E /* Calculadora.app */ = {isa = PBXFileReference; explicitFileType = wrapper.application; includeInIndex = 0; path = Calculadora.app; sourceTree = BUILT_PRODUCTS_DIR; };
		D9629C3C25D5B97900FFED9E /* AppDelegate.swift */ = {isa = PBXFileReference; lastKnownFileType = sourcecode.swift; path = AppDelegate.swift; sourceTree = "<group>"; };
		D9629C3E25D5B97900FFED9E /* SceneDelegate.swift */ = {isa = PBXFileReference; lastKnownFileType = sourcecode.swift; path = SceneDelegate.swift; sourceTree = "<group>"; };
		D9629C4025D5B97900FFED9E /* ViewController.swift */ = {isa = PBXFileReference; lastKnownFileType = sourcecode.swift; path = ViewController.swift; sourceTree = "<group>"; };
		D9629C4325D5B97900FFED9E /* Base */ = {isa = PBXFileReference; lastKnownFileType = file.storyboard; name = Base; path = Base.lproj/Main.storyboard; sourceTree = "<group>"; };
		D9629C4525D5B98000FFED9E /* Assets.xcassets */ = {isa = PBXFileReference; lastKnownFileType = folder.assetcatalog; path = Assets.xcassets; sourceTree = "<group>"; };
		D9629C4825D5B98000FFED9E /* Base */ = {isa = PBXFileReference; lastKnownFileType = file.storyboard; name = Base; path = Base.lproj/LaunchScreen.storyboard; sourceTree = "<group>"; };
		D9629C4A25D5B98000FFED9E /* Info.plist */ = {isa = PBXFileReference; lastKnownFileType = text.plist.xml; path = Info.plist; sourceTree = "<group>"; };
		D9629C4F25D5B98100FFED9E /* CalculadoraTests.xctest */ = {isa = PBXFileReference; explicitFileType = wrapper.cfbundle; includeInIndex = 0; path = CalculadoraTests.xctest; sourceTree = BUILT_PRODUCTS_DIR; };
		D9629C5325D5B98100FFED9E /* CalculadoraTests.swift */ = {isa = PBXFileReference; lastKnownFileType = sourcecode.swift; path = CalculadoraTests.swift; sourceTree = "<group>"; };
		D9629C5525D5B98100FFED9E /* Info.plist */ = {isa = PBXFileReference; lastKnownFileType = text.plist.xml; path = Info.plist; sourceTree = "<group>"; };
		D9629C5A25D5B98100FFED9E /* CalculadoraUITests.xctest */ = {isa = PBXFileReference; explicitFileType = wrapper.cfbundle; includeInIndex = 0; path = CalculadoraUITests.xctest; sourceTree = BUILT_PRODUCTS_DIR; };
		D9629C5E25D5B98100FFED9E /* CalculadoraUITests.swift */ = {isa = PBXFileReference; lastKnownFileType = sourcecode.swift; path = CalculadoraUITests.swift; sourceTree = "<group>"; };
		D9629C6025D5B98200FFED9E /* Info.plist */ = {isa = PBXFileReference; lastKnownFileType = text.plist.xml; path = Info.plist; sourceTree = "<group>"; };
/* End PBXFileReference section */

/* Begin PBXFrameworksBuildPhase section */
		D9629C3625D5B97800FFED9E /* Frameworks */ = {
			isa = PBXFrameworksBuildPhase;
			buildActionMask = 2147483647;
			files = (
			);
			runOnlyForDeploymentPostprocessing = 0;
		};
		D9629C4C25D5B98100FFED9E /* Frameworks */ = {
			isa = PBXFrameworksBuildPhase;
			buildActionMask = 2147483647;
			files = (
			);
			runOnlyForDeploymentPostprocessing = 0;
		};
		D9629C5725D5B98100FFED9E /* Frameworks */ = {
			isa = PBXFrameworksBuildPhase;
			buildActionMask = 2147483647;
			files = (
			);
			runOnlyForDeploymentPostprocessing = 0;
		};
/* End PBXFrameworksBuildPhase section */

/* Begin PBXGroup section */
		D9629C3025D5B97800FFED9E = {
			isa = PBXGroup;
			children = (
				D9629C3B25D5B97900FFED9E /* Calculadora */,
				D9629C5225D5B98100FFED9E /* CalculadoraTests */,
				D9629C5D25D5B98100FFED9E /* CalculadoraUITests */,
				D9629C3A25D5B97900FFED9E /* Products */,
			);
			sourceTree = "<group>";
		};
		D9629C3A25D5B97900FFED9E /* Products */ = {
			isa = PBXGroup;
			children = (
				D9629C3925D5B97900FFED9E /* Calculadora.app */,
				D9629C4F25D5B98100FFED9E /* CalculadoraTests.xctest */,
				D9629C5A25D5B98100FFED9E /* CalculadoraUITests.xctest */,
			);
			name = Products;
			sourceTree = "<group>";
		};
		D9629C3B25D5B97900FFED9E /* Calculadora */ = {
			isa = PBXGroup;
			children = (
				D9629C3C25D5B97900FFED9E /* AppDelegate.swift */,
				D9629C3E25D5B97900FFED9E /* SceneDelegate.swift */,
				D9629C4025D5B97900FFED9E /* ViewController.swift */,
				D9629C4225D5B97900FFED9E /* Main.storyboard */,
				D9629C4525D5B98000FFED9E /* Assets.xcassets */,
				D9629C4725D5B98000FFED9E /* LaunchScreen.storyboard */,
				D9629C4A25D5B98000FFED9E /* Info.plist */,
			);
			path = Calculadora;
			sourceTree = "<group>";
		};
		D9629C5225D5B98100FFED9E /* CalculadoraTests */ = {
			isa = PBXGroup;
			children = (
				D9629C5325D5B98100FFED9E /* CalculadoraTests.swift */,
				D9629C5525D5B98100FFED9E /* Info.plist */,
			);
			path = CalculadoraTests;
			sourceTree = "<group>";
		};
		D9629C5D25D5B98100FFED9E /* CalculadoraUITests */ = {
			isa = PBXGroup;
			children = (
				D9629C5E25D5B98100FFED9E /* CalculadoraUITests.swift */,
				D9629C6025D5B98200FFED9E /* Info.plist */,
			);
			path = CalculadoraUITests;
			sourceTree = "<group>";
		};
/* End PBXGroup section */

/* Begin PBXNativeTarget section */
		D9629C3825D5B97800FFED9E /* Calculadora */ = {
			isa = PBXNativeTarget;
			buildConfigurationList = D9629C6325D5B98200FFED9E /* Build configuration list for PBXNativeTarget "Calculadora" */;
			buildPhases = (
				D9629C3525D5B97800FFED9E /* Sources */,
				D9629C3625D5B97800FFED9E /* Frameworks */,
				D9629C3725D5B97800FFED9E /* Resources */,
			);
			buildRules = (
			);
			dependencies = (
			);
			name = Calculadora;
			productName = Calculadora;
			productReference = D9629C3925D5B97900FFED9E /* Calculadora.app */;
			productType = "com.apple.product-type.application";
		};
		D9629C4E25D5B98100FFED9E /* CalculadoraTests */ = {
			isa = PBXNativeTarget;
			buildConfigurationList = D9629C6625D5B98200FFED9E /* Build configuration list for PBXNativeTarget "CalculadoraTests" */;
			buildPhases = (
				D9629C4B25D5B98100FFED9E /* Sources */,
				D9629C4C25D5B98100FFED9E /* Frameworks */,
				D9629C4D25D5B98100FFED9E /* Resources */,
			);
			buildRules = (
			);
			dependencies = (
				D9629C5125D5B98100FFED9E /* PBXTargetDependency */,
			);
			name = CalculadoraTests;
			productName = CalculadoraTests;
			productReference = D9629C4F25D5B98100FFED9E /* CalculadoraTests.xctest */;
			productType = "com.apple.product-type.bundle.unit-test";
		};
		D9629C5925D5B98100FFED9E /* CalculadoraUITests */ = {
			isa = PBXNativeTarget;
			buildConfigurationList = D9629C6925D5B98200FFED9E /* Build configuration list for PBXNativeTarget "CalculadoraUITests" */;
			buildPhases = (
				D9629C5625D5B98100FFED9E /* Sources */,
				D9629C5725D5B98100FFED9E /* Frameworks */,
				D9629C5825D5B98100FFED9E /* Resources */,
			);
			buildRules = (
			);
			dependencies = (
				D9629C5C25D5B98100FFED9E /* PBXTargetDependency */,
			);
			name = CalculadoraUITests;
			productName = CalculadoraUITests;
			productReference = D9629C5A25D5B98100FFED9E /* CalculadoraUITests.xctest */;
			productType = "com.apple.product-type.bundle.ui-testing";
		};
/* End PBXNativeTarget section */

/* Begin PBXProject section */
		D9629C3125D5B97800FFED9E /* Project object */ = {
			isa = PBXProject;
			attributes = {
				LastSwiftUpdateCheck = 1210;
				LastUpgradeCheck = 1210;
				TargetAttributes = {
					D9629C3825D5B97800FFED9E = {
						CreatedOnToolsVersion = 12.1;
					};
					D9629C4E25D5B98100FFED9E = {
						CreatedOnToolsVersion = 12.1;
						TestTargetID = D9629C3825D5B97800FFED9E;
					};
					D9629C5925D5B98100FFED9E = {
						CreatedOnToolsVersion = 12.1;
						TestTargetID = D9629C3825D5B97800FFED9E;
					};
				};
			};
			buildConfigurationList = D9629C3425D5B97800FFED9E /* Build configuration list for PBXProject "Calculadora" */;
			compatibilityVersion = "Xcode 9.3";
			developmentRegion = en;
			hasScannedForEncodings = 0;
			knownRegions = (
				en,
				Base,
			);
			mainGroup = D9629C3025D5B97800FFED9E;
			productRefGroup = D9629C3A25D5B97900FFED9E /* Products */;
			projectDirPath = "";
			projectRoot = "";
			targets = (
				D9629C3825D5B97800FFED9E /* Calculadora */,
				D9629C4E25D5B98100FFED9E /* CalculadoraTests */,
				D9629C5925D5B98100FFED9E /* CalculadoraUITests */,
			);
		};
/* End PBXProject section */

/* Begin PBXResourcesBuildPhase section */
		D9629C3725D5B97800FFED9E /* Resources */ = {
			isa = PBXResourcesBuildPhase;
			buildActionMask = 2147483647;
			files = (
				D9629C4925D5B98000FFED9E /* LaunchScreen.storyboard in Resources */,
				D9629C4625D5B98000FFED9E /* Assets.xcassets in Resources */,
				D9629C4425D5B97900FFED9E /* Main.storyboard in Resources */,
			);
			runOnlyForDeploymentPostprocessing = 0;
		};
		D9629C4D25D5B98100FFED9E /* Resources */ = {
			isa = PBXResourcesBuildPhase;
			buildActionMask = 2147483647;
			files = (
			);
			runOnlyForDeploymentPostprocessing = 0;
		};
		D9629C5825D5B98100FFED9E /* Resources */ = {
			isa = PBXResourcesBuildPhase;
			buildActionMask = 2147483647;
			files = (
			);
			runOnlyForDeploymentPostprocessing = 0;
		};
/* End PBXResourcesBuildPhase section */

/* Begin PBXSourcesBuildPhase section */
		D9629C3525D5B97800FFED9E /* Sources */ = {
			isa = PBXSourcesBuildPhase;
			buildActionMask = 2147483647;
			files = (
				D9629C4125D5B97900FFED9E /* ViewController.swift in Sources */,
				D9629C3D25D5B97900FFED9E /* AppDelegate.swift in Sources */,
				D9629C3F25D5B97900FFED9E /* SceneDelegate.swift in Sources */,
			);
			runOnlyForDeploymentPostprocessing = 0;
		};
		D9629C4B25D5B98100FFED9E /* Sources */ = {
			isa = PBXSourcesBuildPhase;
			buildActionMask = 2147483647;
			files = (
				D9629C5425D5B98100FFED9E /* CalculadoraTests.swift in Sources */,
			);
			runOnlyForDeploymentPostprocessing = 0;
		};
		D9629C5625D5B98100FFED9E /* Sources */ = {
			isa = PBXSourcesBuildPhase;
			buildActionMask = 2147483647;
			files = (
				D9629C5F25D5B98100FFED9E /* CalculadoraUITests.swift in Sources */,
			);
			runOnlyForDeploymentPostprocessing = 0;
		};
/* End PBXSourcesBuildPhase section */

/* Begin PBXTargetDependency section */
		D9629C5125D5B98100FFED9E /* PBXTargetDependency */ = {
			isa = PBXTargetDependency;
			target = D9629C3825D5B97800FFED9E /* Calculadora */;
			targetProxy = D9629C5025D5B98100FFED9E /* PBXContainerItemProxy */;
		};
		D9629C5C25D5B98100FFED9E /* PBXTargetDependency */ = {
			isa = PBXTargetDependency;
			target = D9629C3825D5B97800FFED9E /* Calculadora */;
			targetProxy = D9629C5B25D5B98100FFED9E /* PBXContainerItemProxy */;
		};
/* End PBXTargetDependency section */

/* Begin PBXVariantGroup section */
		D9629C4225D5B97900FFED9E /* Main.storyboard */ = {
			isa = PBXVariantGroup;
			children = (
				D9629C4325D5B97900FFED9E /* Base */,
			);
			name = Main.storyboard;
			sourceTree = "<group>";
		};
		D9629C4725D5B98000FFED9E /* LaunchScreen.storyboard */ = {
			isa = PBXVariantGroup;
			children = (
				D9629C4825D5B98000FFED9E /* Base */,
			);
			name = LaunchScreen.storyboard;
			sourceTree = "<group>";
		};
/* End PBXVariantGroup section */

/* Begin XCBuildConfiguration section */
		D9629C6125D5B98200FFED9E /* Debug */ = {
			isa = XCBuildConfiguration;
			buildSettings = {
				ALWAYS_SEARCH_USER_PATHS = NO;
				CLANG_ANALYZER_NONNULL = YES;
				CLANG_ANALYZER_NUMBER_OBJECT_CONVERSION = YES_AGGRESSIVE;
				CLANG_CXX_LANGUAGE_STANDARD = "gnu++14";
				CLANG_CXX_LIBRARY = "libc++";
				CLANG_ENABLE_MODULES = YES;
				CLANG_ENABLE_OBJC_ARC = YES;
				CLANG_ENABLE_OBJC_WEAK = YES;
				CLANG_WARN_BLOCK_CAPTURE_AUTORELEASING = YES;
				CLANG_WARN_BOOL_CONVERSION = YES;
				CLANG_WARN_COMMA = YES;
				CLANG_WARN_CONSTANT_CONVERSION = YES;
				CLANG_WARN_DEPRECATED_OBJC_IMPLEMENTATIONS = YES;
				CLANG_WARN_DIRECT_OBJC_ISA_USAGE = YES_ERROR;
				CLANG_WARN_DOCUMENTATION_COMMENTS = YES;
				CLANG_WARN_EMPTY_BODY = YES;
				CLANG_WARN_ENUM_CONVERSION = YES;
				CLANG_WARN_INFINITE_RECURSION = YES;
				CLANG_WARN_INT_CONVERSION = YES;
				CLANG_WARN_NON_LITERAL_NULL_CONVERSION = YES;
				CLANG_WARN_OBJC_IMPLICIT_RETAIN_SELF = YES;
				CLANG_WARN_OBJC_LITERAL_CONVERSION = YES;
				CLANG_WARN_OBJC_ROOT_CLASS = YES_ERROR;
				CLANG_WARN_QUOTED_INCLUDE_IN_FRAMEWORK_HEADER = YES;
				CLANG_WARN_RANGE_LOOP_ANALYSIS = YES;
				CLANG_WARN_STRICT_PROTOTYPES = YES;
				CLANG_WARN_SUSPICIOUS_MOVE = YES;
				CLANG_WARN_UNGUARDED_AVAILABILITY = YES_AGGRESSIVE;
				CLANG_WARN_UNREACHABLE_CODE = YES;
				CLANG_WARN__DUPLICATE_METHOD_MATCH = YES;
				COPY_PHASE_STRIP = NO;
				DEBUG_INFORMATION_FORMAT = dwarf;
				ENABLE_STRICT_OBJC_MSGSEND = YES;
				ENABLE_TESTABILITY = YES;
				GCC_C_LANGUAGE_STANDARD = gnu11;
				GCC_DYNAMIC_NO_PIC = NO;
				GCC_NO_COMMON_BLOCKS = YES;
				GCC_OPTIMIZATION_LEVEL = 0;
				GCC_PREPROCESSOR_DEFINITIONS = (
					"DEBUG=1",
					"$(inherited)",
				);
				GCC_WARN_64_TO_32_BIT_CONVERSION = YES;
				GCC_WARN_ABOUT_RETURN_TYPE = YES_ERROR;
				GCC_WARN_UNDECLARED_SELECTOR = YES;
				GCC_WARN_UNINITIALIZED_AUTOS = YES_AGGRESSIVE;
				GCC_WARN_UNUSED_FUNCTION = YES;
				GCC_WARN_UNUSED_VARIABLE = YES;
				IPHONEOS_DEPLOYMENT_TARGET = 14.1;
				MTL_ENABLE_DEBUG_INFO = INCLUDE_SOURCE;
				MTL_FAST_MATH = YES;
				ONLY_ACTIVE_ARCH = YES;
				SDKROOT = iphoneos;
				SWIFT_ACTIVE_COMPILATION_CONDITIONS = DEBUG;
				SWIFT_OPTIMIZATION_LEVEL = "-Onone";
			};
			name = Debug;
		};
		D9629C6225D5B98200FFED9E /* Release */ = {
			isa = XCBuildConfiguration;
			buildSettings = {
				ALWAYS_SEARCH_USER_PATHS = NO;
				CLANG_ANALYZER_NONNULL = YES;
				CLANG_ANALYZER_NUMBER_OBJECT_CONVERSION = YES_AGGRESSIVE;
				CLANG_CXX_LANGUAGE_STANDARD = "gnu++14";
				CLANG_CXX_LIBRARY = "libc++";
				CLANG_ENABLE_MODULES = YES;
				CLANG_ENABLE_OBJC_ARC = YES;
				CLANG_ENABLE_OBJC_WEAK = YES;
				CLANG_WARN_BLOCK_CAPTURE_AUTORELEASING = YES;
				CLANG_WARN_BOOL_CONVERSION = YES;
				CLANG_WARN_COMMA = YES;
				CLANG_WARN_CONSTANT_CONVERSION = YES;
				CLANG_WARN_DEPRECATED_OBJC_IMPLEMENTATIONS = YES;
				CLANG_WARN_DIRECT_OBJC_ISA_USAGE = YES_ERROR;
				CLANG_WARN_DOCUMENTATION_COMMENTS = YES;
				CLANG_WARN_EMPTY_BODY = YES;
				CLANG_WARN_ENUM_CONVERSION = YES;
				CLANG_WARN_INFINITE_RECURSION = YES;
				CLANG_WARN_INT_CONVERSION = YES;
				CLANG_WARN_NON_LITERAL_NULL_CONVERSION = YES;
				CLANG_WARN_OBJC_IMPLICIT_RETAIN_SELF = YES;
				CLANG_WARN_OBJC_LITERAL_CONVERSION = YES;
				CLANG_WARN_OBJC_ROOT_CLASS = YES_ERROR;
				CLANG_WARN_QUOTED_INCLUDE_IN_FRAMEWORK_HEADER = YES;
				CLANG_WARN_RANGE_LOOP_ANALYSIS = YES;
				CLANG_WARN_STRICT_PROTOTYPES = YES;
				CLANG_WARN_SUSPICIOUS_MOVE = YES;
				CLANG_WARN_UNGUARDED_AVAILABILITY = YES_AGGRESSIVE;
				CLANG_WARN_UNREACHABLE_CODE = YES;
				CLANG_WARN__DUPLICATE_METHOD_MATCH = YES;
				COPY_PHASE_STRIP = NO;
				DEBUG_INFORMATION_FORMAT = "dwarf-with-dsym";
				ENABLE_NS_ASSERTIONS = NO;
				ENABLE_STRICT_OBJC_MSGSEND = YES;
				GCC_C_LANGUAGE_STANDARD = gnu11;
				GCC_NO_COMMON_BLOCKS = YES;
				GCC_WARN_64_TO_32_BIT_CONVERSION = YES;
				GCC_WARN_ABOUT_RETURN_TYPE = YES_ERROR;
				GCC_WARN_UNDECLARED_SELECTOR = YES;
				GCC_WARN_UNINITIALIZED_AUTOS = YES_AGGRESSIVE;
				GCC_WARN_UNUSED_FUNCTION = YES;
				GCC_WARN_UNUSED_VARIABLE = YES;
				IPHONEOS_DEPLOYMENT_TARGET = 14.1;
				MTL_ENABLE_DEBUG_INFO = NO;
				MTL_FAST_MATH = YES;
				SDKROOT = iphoneos;
				SWIFT_COMPILATION_MODE = wholemodule;
				SWIFT_OPTIMIZATION_LEVEL = "-O";
				VALIDATE_PRODUCT = YES;
			};
			name = Release;
		};
		D9629C6425D5B98200FFED9E /* Debug */ = {
			isa = XCBuildConfiguration;
			buildSettings = {
				ASSETCATALOG_COMPILER_APPICON_NAME = AppIcon;
				ASSETCATALOG_COMPILER_GLOBAL_ACCENT_COLOR_NAME = AccentColor;
				CODE_SIGN_STYLE = Automatic;
				DEVELOPMENT_TEAM = D57G654GN5;
				INFOPLIST_FILE = Calculadora/Info.plist;
				LD_RUNPATH_SEARCH_PATHS = (
					"$(inherited)",
					"@executable_path/Frameworks",
				);
				PRODUCT_BUNDLE_IDENTIFIER = uem.Calculadora;
				PRODUCT_NAME = "$(TARGET_NAME)";
				SWIFT_VERSION = 5.0;
				TARGETED_DEVICE_FAMILY = "1,2";
			};
			name = Debug;
		};
		D9629C6525D5B98200FFED9E /* Release */ = {
			isa = XCBuildConfiguration;
			buildSettings = {
				ASSETCATALOG_COMPILER_APPICON_NAME = AppIcon;
				ASSETCATALOG_COMPILER_GLOBAL_ACCENT_COLOR_NAME = AccentColor;
				CODE_SIGN_STYLE = Automatic;
				DEVELOPMENT_TEAM = D57G654GN5;
				INFOPLIST_FILE = Calculadora/Info.plist;
				LD_RUNPATH_SEARCH_PATHS = (
					"$(inherited)",
					"@executable_path/Frameworks",
				);
				PRODUCT_BUNDLE_IDENTIFIER = uem.Calculadora;
				PRODUCT_NAME = "$(TARGET_NAME)";
				SWIFT_VERSION = 5.0;
				TARGETED_DEVICE_FAMILY = "1,2";
			};
			name = Release;
		};
		D9629C6725D5B98200FFED9E /* Debug */ = {
			isa = XCBuildConfiguration;
			buildSettings = {
				ALWAYS_EMBED_SWIFT_STANDARD_LIBRARIES = YES;
				BUNDLE_LOADER = "$(TEST_HOST)";
				CODE_SIGN_STYLE = Automatic;
				DEVELOPMENT_TEAM = D57G654GN5;
				INFOPLIST_FILE = CalculadoraTests/Info.plist;
				IPHONEOS_DEPLOYMENT_TARGET = 14.1;
				LD_RUNPATH_SEARCH_PATHS = (
					"$(inherited)",
					"@executable_path/Frameworks",
					"@loader_path/Frameworks",
				);
				PRODUCT_BUNDLE_IDENTIFIER = uem.CalculadoraTests;
				PRODUCT_NAME = "$(TARGET_NAME)";
				SWIFT_VERSION = 5.0;
				TARGETED_DEVICE_FAMILY = "1,2";
				TEST_HOST = "$(BUILT_PRODUCTS_DIR)/Calculadora.app/Calculadora";
			};
			name = Debug;
		};
		D9629C6825D5B98200FFED9E /* Release */ = {
			isa = XCBuildConfiguration;
			buildSettings = {
				ALWAYS_EMBED_SWIFT_STANDARD_LIBRARIES = YES;
				BUNDLE_LOADER = "$(TEST_HOST)";
				CODE_SIGN_STYLE = Automatic;
				DEVELOPMENT_TEAM = D57G654GN5;
				INFOPLIST_FILE = CalculadoraTests/Info.plist;
				IPHONEOS_DEPLOYMENT_TARGET = 14.1;
				LD_RUNPATH_SEARCH_PATHS = (
					"$(inherited)",
					"@executable_path/Frameworks",
					"@loader_path/Frameworks",
				);
				PRODUCT_BUNDLE_IDENTIFIER = uem.CalculadoraTests;
				PRODUCT_NAME = "$(TARGET_NAME)";
				SWIFT_VERSION = 5.0;
				TARGETED_DEVICE_FAMILY = "1,2";
				TEST_HOST = "$(BUILT_PRODUCTS_DIR)/Calculadora.app/Calculadora";
			};
			name = Release;
		};
		D9629C6A25D5B98200FFED9E /* Debug */ = {
			isa = XCBuildConfiguration;
			buildSettings = {
				ALWAYS_EMBED_SWIFT_STANDARD_LIBRARIES = YES;
				CODE_SIGN_STYLE = Automatic;
				DEVELOPMENT_TEAM = D57G654GN5;
				INFOPLIST_FILE = CalculadoraUITests/Info.plist;
				LD_RUNPATH_SEARCH_PATHS = (
					"$(inherited)",
					"@executable_path/Frameworks",
					"@loader_path/Frameworks",
				);
				PRODUCT_BUNDLE_IDENTIFIER = uem.CalculadoraUITests;
				PRODUCT_NAME = "$(TARGET_NAME)";
				SWIFT_VERSION = 5.0;
				TARGETED_DEVICE_FAMILY = "1,2";
				TEST_TARGET_NAME = Calculadora;
			};
			name = Debug;
		};
		D9629C6B25D5B98200FFED9E /* Release */ = {
			isa = XCBuildConfiguration;
			buildSettings = {
				ALWAYS_EMBED_SWIFT_STANDARD_LIBRARIES = YES;
				CODE_SIGN_STYLE = Automatic;
				DEVELOPMENT_TEAM = D57G654GN5;
				INFOPLIST_FILE = CalculadoraUITests/Info.plist;
				LD_RUNPATH_SEARCH_PATHS = (
					"$(inherited)",
					"@executable_path/Frameworks",
					"@loader_path/Frameworks",
				);
				PRODUCT_BUNDLE_IDENTIFIER = uem.CalculadoraUITests;
				PRODUCT_NAME = "$(TARGET_NAME)";
				SWIFT_VERSION = 5.0;
				TARGETED_DEVICE_FAMILY = "1,2";
				TEST_TARGET_NAME = Calculadora;
			};
			name = Release;
		};
/* End XCBuildConfiguration section */

/* Begin XCConfigurationList section */
		D9629C3425D5B97800FFED9E /* Build configuration list for PBXProject "Calculadora" */ = {
			isa = XCConfigurationList;
			buildConfigurations = (
				D9629C6125D5B98200FFED9E /* Debug */,
				D9629C6225D5B98200FFED9E /* Release */,
			);
			defaultConfigurationIsVisible = 0;
			defaultConfigurationName = Release;
		};
		D9629C6325D5B98200FFED9E /* Build configuration list for PBXNativeTarget "Calculadora" */ = {
			isa = XCConfigurationList;
			buildConfigurations = (
				D9629C6425D5B98200FFED9E /* Debug */,
				D9629C6525D5B98200FFED9E /* Release */,
			);
			defaultConfigurationIsVisible = 0;
			defaultConfigurationName = Release;
		};
		D9629C6625D5B98200FFED9E /* Build configuration list for PBXNativeTarget "CalculadoraTests" */ = {
			isa = XCConfigurationList;
			buildConfigurations = (
				D9629C6725D5B98200FFED9E /* Debug */,
				D9629C6825D5B98200FFED9E /* Release */,
			);
			defaultConfigurationIsVisible = 0;
			defaultConfigurationName = Release;
		};
		D9629C6925D5B98200FFED9E /* Build configuration list for PBXNativeTarget "CalculadoraUITests" */ = {
			isa = XCConfigurationList;
			buildConfigurations = (
				D9629C6A25D5B98200FFED9E /* Debug */,
				D9629C6B25D5B98200FFED9E /* Release */,
			);
			defaultConfigurationIsVisible = 0;
			defaultConfigurationName = Release;
		};
/* End XCConfigurationList section */
	};
	rootObject = D9629C3125D5B97800FFED9E /* Project object */;
}
